
Microsoft Visual Studio Solution File, Format Version 12.00
# Visual Studio Version 17
VisualStudioVersion = 17.0.31903.59
MinimumVisualStudioVersion = 10.0.40219.1
Project("{FAE04EC0-301F-11D3-BF4B-00C04F79EFBC}") = "Domain", "Domain\Domain.csproj", "{067781A7-5934-40BF-8D58-B210816EEEBB}"
EndProject
Project("{FAE04EC0-301F-11D3-BF4B-00C04F79EFBC}") = "Application", "Application\Application.csproj", "{C0317961-6A16-46BA-967D-C0FF1C6CDEA2}"
EndProject
Project("{FAE04EC0-301F-11D3-BF4B-00C04F79EFBC}") = "Infrastructure", "Infrastructure\Infrastructure.csproj", "{2ABB8310-A988-41E0-8935-5EC04D0C242C}"
EndProject
Project("{FAE04EC0-301F-11D3-BF4B-00C04F79EFBC}") = "API", "API\API.csproj", "{EB5221EA-5814-4A18-A3EB-5EDF4C8C6AC5}"
EndProject
Global
	GlobalSection(SolutionConfigurationPlatforms) = preSolution
		Debug|Any CPU = Debug|Any CPU
		Release|Any CPU = Release|Any CPU
	EndGlobalSection
	GlobalSection(SolutionProperties) = preSolution
		HideSolutionNode = FALSE
	EndGlobalSection
	GlobalSection(ProjectConfigurationPlatforms) = postSolution
		{067781A7-5934-40BF-8D58-B210816EEEBB}.Debug|Any CPU.ActiveCfg = Debug|Any CPU
		{067781A7-5934-40BF-8D58-B210816EEEBB}.Debug|Any CPU.Build.0 = Debug|Any CPU
		{067781A7-5934-40BF-8D58-B210816EEEBB}.Release|Any CPU.ActiveCfg = Release|Any CPU
		{067781A7-5934-40BF-8D58-B210816EEEBB}.Release|Any CPU.Build.0 = Release|Any CPU
		{C0317961-6A16-46BA-967D-C0FF1C6CDEA2}.Debug|Any CPU.ActiveCfg = Debug|Any CPU
		{C0317961-6A16-46BA-967D-C0FF1C6CDEA2}.Debug|Any CPU.Build.0 = Debug|Any CPU
		{C0317961-6A16-46BA-967D-C0FF1C6CDEA2}.Release|Any CPU.ActiveCfg = Release|Any CPU
		{C0317961-6A16-46BA-967D-C0FF1C6CDEA2}.Release|Any CPU.Build.0 = Release|Any CPU
		{2ABB8310-A988-41E0-8935-5EC04D0C242C}.Debug|Any CPU.ActiveCfg = Debug|Any CPU
		{2ABB8310-A988-41E0-8935-5EC04D0C242C}.Debug|Any CPU.Build.0 = Debug|Any CPU
		{2ABB8310-A988-41E0-8935-5EC04D0C242C}.Release|Any CPU.ActiveCfg = Release|Any CPU
		{2ABB8310-A988-41E0-8935-5EC04D0C242C}.Release|Any CPU.Build.0 = Release|Any CPU
		{EB5221EA-5814-4A18-A3EB-5EDF4C8C6AC5}.Debug|Any CPU.ActiveCfg = Debug|Any CPU
		{EB5221EA-5814-4A18-A3EB-5EDF4C8C6AC5}.Debug|Any CPU.Build.0 = Debug|Any CPU
		{EB5221EA-5814-4A18-A3EB-5EDF4C8C6AC5}.Release|Any CPU.ActiveCfg = Release|Any CPU
		{EB5221EA-5814-4A18-A3EB-5EDF4C8C6AC5}.Release|Any CPU.Build.0 = Release|Any CPU
	EndGlobalSection
EndGlobal
