
Microsoft Visual Studio Solution File, Format Version 12.00
# Visual Studio Version 17
VisualStudioVersion = 17.0.31903.59
MinimumVisualStudioVersion = 10.0.40219.1
Project("{2150E333-8FDC-42A3-9474-1A3956D46DE8}") = "src", "src", "{83D31754-3701-4646-9B96-5631A5BF49C3}"
EndProject
Project("{FAE04EC0-301F-11D3-BF4B-00C04F79EFBC}") = "API", "src\API\API.csproj", "{24B2E9F0-D4AC-4656-89F8-700F02BEA447}"
EndProject
Project("{FAE04EC0-301F-11D3-BF4B-00C04F79EFBC}") = "Application", "src\Application\Application.csproj", "{6FBF378A-AE9E-4B25-9E11-6B5E4EBE39F1}"
EndProject
Project("{FAE04EC0-301F-11D3-BF4B-00C04F79EFBC}") = "Domain", "src\Domain\Domain.csproj", "{3FD1522B-4A0D-46B2-A1A8-57F0C525A32D}"
EndProject
Project("{FAE04EC0-301F-11D3-BF4B-00C04F79EFBC}") = "Infrastructure", "src\Infrastructure\Infrastructure.csproj", "{C556F159-4EE6-4226-A794-3684E15BD16B}"
EndProject
Global
	GlobalSection(SolutionConfigurationPlatforms) = preSolution
		Debug|Any CPU = Debug|Any CPU
		Release|Any CPU = Release|Any CPU
	EndGlobalSection
	GlobalSection(SolutionProperties) = preSolution
		HideSolutionNode = FALSE
	EndGlobalSection
	GlobalSection(ProjectConfigurationPlatforms) = postSolution
		{24B2E9F0-D4AC-4656-89F8-700F02BEA447}.Debug|Any CPU.ActiveCfg = Debug|Any CPU
		{24B2E9F0-D4AC-4656-89F8-700F02BEA447}.Debug|Any CPU.Build.0 = Debug|Any CPU
		{24B2E9F0-D4AC-4656-89F8-700F02BEA447}.Release|Any CPU.ActiveCfg = Release|Any CPU
		{24B2E9F0-D4AC-4656-89F8-700F02BEA447}.Release|Any CPU.Build.0 = Release|Any CPU
		{6FBF378A-AE9E-4B25-9E11-6B5E4EBE39F1}.Debug|Any CPU.ActiveCfg = Debug|Any CPU
		{6FBF378A-AE9E-4B25-9E11-6B5E4EBE39F1}.Debug|Any CPU.Build.0 = Debug|Any CPU
		{6FBF378A-AE9E-4B25-9E11-6B5E4EBE39F1}.Release|Any CPU.ActiveCfg = Release|Any CPU
		{6FBF378A-AE9E-4B25-9E11-6B5E4EBE39F1}.Release|Any CPU.Build.0 = Release|Any CPU
		{3FD1522B-4A0D-46B2-A1A8-57F0C525A32D}.Debug|Any CPU.ActiveCfg = Debug|Any CPU
		{3FD1522B-4A0D-46B2-A1A8-57F0C525A32D}.Debug|Any CPU.Build.0 = Debug|Any CPU
		{3FD1522B-4A0D-46B2-A1A8-57F0C525A32D}.Release|Any CPU.ActiveCfg = Release|Any CPU
		{3FD1522B-4A0D-46B2-A1A8-57F0C525A32D}.Release|Any CPU.Build.0 = Release|Any CPU
		{C556F159-4EE6-4226-A794-3684E15BD16B}.Debug|Any CPU.ActiveCfg = Debug|Any CPU
		{C556F159-4EE6-4226-A794-3684E15BD16B}.Debug|Any CPU.Build.0 = Debug|Any CPU
		{C556F159-4EE6-4226-A794-3684E15BD16B}.Release|Any CPU.ActiveCfg = Release|Any CPU
		{C556F159-4EE6-4226-A794-3684E15BD16B}.Release|Any CPU.Build.0 = Release|Any CPU
	EndGlobalSection
	GlobalSection(NestedProjects) = preSolution
		{24B2E9F0-D4AC-4656-89F8-700F02BEA447} = {83D31754-3701-4646-9B96-5631A5BF49C3}
		{6FBF378A-AE9E-4B25-9E11-6B5E4EBE39F1} = {83D31754-3701-4646-9B96-5631A5BF49C3}
		{3FD1522B-4A0D-46B2-A1A8-57F0C525A32D} = {83D31754-3701-4646-9B96-5631A5BF49C3}
		{C556F159-4EE6-4226-A794-3684E15BD16B} = {83D31754-3701-4646-9B96-5631A5BF49C3}
	EndGlobalSection
EndGlobal
